// !$*UTF8*$!
{
	archiveVersion = 1;
	classes = {
	};
	objectVersion = 50;
	objects = {

/* Begin PBXBuildFile section */
		D913E2CC261FA72F00D63A4B /* DetailView.swift in Sources */ = {isa = PBXBuildFile; fileRef = D913E2CB261FA72F00D63A4B /* DetailView.swift */; };
		D913E2D1261FA75600D63A4B /* PDFViewUI.swift in Sources */ = {isa = PBXBuildFile; fileRef = D913E2D0261FA75600D63A4B /* PDFViewUI.swift */; };
		D913E2D6261FA78300D63A4B /* Algorithm.swift in Sources */ = {isa = PBXBuildFile; fileRef = D913E2D5261FA78300D63A4B /* Algorithm.swift */; };
		D913E2DB261FA89E00D63A4B /* PrimaryView.swift in Sources */ = {isa = PBXBuildFile; fileRef = D913E2DA261FA89E00D63A4B /* PrimaryView.swift */; };
		D93465A3261E549A00E67D4D /* ACLSApp.swift in Sources */ = {isa = PBXBuildFile; fileRef = D9346590261E549800E67D4D /* ACLSApp.swift */; };
		D93465A7261E549A00E67D4D /* Assets.xcassets in Resources */ = {isa = PBXBuildFile; fileRef = D9346592261E549A00E67D4D /* Assets.xcassets */; };
		D93465BA261E59D600E67D4D /* algo-tachycardia.pdf in Resources */ = {isa = PBXBuildFile; fileRef = D93465B4261E59D500E67D4D /* algo-tachycardia.pdf */; };
		D93465BC261E59D600E67D4D /* algo-bradycardia.pdf in Resources */ = {isa = PBXBuildFile; fileRef = D93465B5261E59D600E67D4D /* algo-bradycardia.pdf */; };
		D93465BE261E59D600E67D4D /* algo-postarrest.pdf in Resources */ = {isa = PBXBuildFile; fileRef = D93465B6261E59D600E67D4D /* algo-postarrest.pdf */; };
		D93465C0261E59D600E67D4D /* algo-acs.pdf in Resources */ = {isa = PBXBuildFile; fileRef = D93465B7261E59D600E67D4D /* algo-acs.pdf */; };
		D93465C2261E59D600E67D4D /* algo-stroke.pdf in Resources */ = {isa = PBXBuildFile; fileRef = D93465B8261E59D600E67D4D /* algo-stroke.pdf */; };
		D93465C4261E59D600E67D4D /* algo-arrest.pdf in Resources */ = {isa = PBXBuildFile; fileRef = D93465B9261E59D600E67D4D /* algo-arrest.pdf */; };
/* End PBXBuildFile section */

/* Begin PBXFileReference section */
		D913E2CB261FA72F00D63A4B /* DetailView.swift */ = {isa = PBXFileReference; lastKnownFileType = sourcecode.swift; path = DetailView.swift; sourceTree = "<group>"; };
		D913E2D0261FA75600D63A4B /* PDFViewUI.swift */ = {isa = PBXFileReference; lastKnownFileType = sourcecode.swift; path = PDFViewUI.swift; sourceTree = "<group>"; };
		D913E2D5261FA78300D63A4B /* Algorithm.swift */ = {isa = PBXFileReference; lastKnownFileType = sourcecode.swift; path = Algorithm.swift; sourceTree = "<group>"; };
		D913E2DA261FA89E00D63A4B /* PrimaryView.swift */ = {isa = PBXFileReference; lastKnownFileType = sourcecode.swift; path = PrimaryView.swift; sourceTree = "<group>"; };
		D913E2E5261FAB1700D63A4B /* ACLS.entitlements */ = {isa = PBXFileReference; lastKnownFileType = text.plist.entitlements; path = ACLS.entitlements; sourceTree = "<group>"; };
		D9346590261E549800E67D4D /* ACLSApp.swift */ = {isa = PBXFileReference; lastKnownFileType = sourcecode.swift; path = ACLSApp.swift; sourceTree = "<group>"; };
		D9346592261E549A00E67D4D /* Assets.xcassets */ = {isa = PBXFileReference; lastKnownFileType = folder.assetcatalog; path = Assets.xcassets; sourceTree = "<group>"; };
		D9346597261E549A00E67D4D /* ACLS.app */ = {isa = PBXFileReference; explicitFileType = wrapper.application; includeInIndex = 0; path = ACLS.app; sourceTree = BUILT_PRODUCTS_DIR; };
		D934659A261E549A00E67D4D /* Info.plist */ = {isa = PBXFileReference; lastKnownFileType = text.plist.xml; path = Info.plist; sourceTree = "<group>"; };
		D93465A1261E549A00E67D4D /* Info.plist */ = {isa = PBXFileReference; lastKnownFileType = text.plist.xml; path = Info.plist; sourceTree = "<group>"; };
		D93465A2261E549A00E67D4D /* macOS.entitlements */ = {isa = PBXFileReference; lastKnownFileType = text.plist.entitlements; path = macOS.entitlements; sourceTree = "<group>"; };
		D93465B4261E59D500E67D4D /* algo-tachycardia.pdf */ = {isa = PBXFileReference; lastKnownFileType = image.pdf; path = "algo-tachycardia.pdf"; sourceTree = "<group>"; };
		D93465B5261E59D600E67D4D /* algo-bradycardia.pdf */ = {isa = PBXFileReference; lastKnownFileType = image.pdf; path = "algo-bradycardia.pdf"; sourceTree = "<group>"; };
		D93465B6261E59D600E67D4D /* algo-postarrest.pdf */ = {isa = PBXFileReference; lastKnownFileType = image.pdf; path = "algo-postarrest.pdf"; sourceTree = "<group>"; };
		D93465B7261E59D600E67D4D /* algo-acs.pdf */ = {isa = PBXFileReference; lastKnownFileType = image.pdf; path = "algo-acs.pdf"; sourceTree = "<group>"; };
		D93465B8261E59D600E67D4D /* algo-stroke.pdf */ = {isa = PBXFileReference; lastKnownFileType = image.pdf; path = "algo-stroke.pdf"; sourceTree = "<group>"; };
		D93465B9261E59D600E67D4D /* algo-arrest.pdf */ = {isa = PBXFileReference; lastKnownFileType = image.pdf; path = "algo-arrest.pdf"; sourceTree = "<group>"; };
/* End PBXFileReference section */

/* Begin PBXFrameworksBuildPhase section */
		D9346594261E549A00E67D4D /* Frameworks */ = {
			isa = PBXFrameworksBuildPhase;
			buildActionMask = 2147483647;
			files = (
			);
			runOnlyForDeploymentPostprocessing = 0;
		};
/* End PBXFrameworksBuildPhase section */

/* Begin PBXGroup section */
		D934658A261E549800E67D4D = {
			isa = PBXGroup;
			children = (
				D913E2E5261FAB1700D63A4B /* ACLS.entitlements */,
				D93465B3261E59C300E67D4D /* PDFs */,
				D934658F261E549800E67D4D /* Shared */,
				D9346599261E549A00E67D4D /* iOS */,
				D93465A0261E549A00E67D4D /* macOS */,
				D9346598261E549A00E67D4D /* Products */,
			);
			sourceTree = "<group>";
		};
		D934658F261E549800E67D4D /* Shared */ = {
			isa = PBXGroup;
			children = (
				D9346590261E549800E67D4D /* ACLSApp.swift */,
				D913E2DA261FA89E00D63A4B /* PrimaryView.swift */,
				D913E2CB261FA72F00D63A4B /* DetailView.swift */,
				D913E2D5261FA78300D63A4B /* Algorithm.swift */,
				D913E2D0261FA75600D63A4B /* PDFViewUI.swift */,
				D9346592261E549A00E67D4D /* Assets.xcassets */,
			);
			path = Shared;
			sourceTree = "<group>";
		};
		D9346598261E549A00E67D4D /* Products */ = {
			isa = PBXGroup;
			children = (
				D9346597261E549A00E67D4D /* ACLS.app */,
			);
			name = Products;
			sourceTree = "<group>";
		};
		D9346599261E549A00E67D4D /* iOS */ = {
			isa = PBXGroup;
			children = (
				D934659A261E549A00E67D4D /* Info.plist */,
			);
			path = iOS;
			sourceTree = "<group>";
		};
		D93465A0261E549A00E67D4D /* macOS */ = {
			isa = PBXGroup;
			children = (
				D93465A1261E549A00E67D4D /* Info.plist */,
				D93465A2261E549A00E67D4D /* macOS.entitlements */,
			);
			path = macOS;
			sourceTree = "<group>";
		};
		D93465B3261E59C300E67D4D /* PDFs */ = {
			isa = PBXGroup;
			children = (
				D93465B7261E59D600E67D4D /* algo-acs.pdf */,
				D93465B9261E59D600E67D4D /* algo-arrest.pdf */,
				D93465B5261E59D600E67D4D /* algo-bradycardia.pdf */,
				D93465B6261E59D600E67D4D /* algo-postarrest.pdf */,
				D93465B8261E59D600E67D4D /* algo-stroke.pdf */,
				D93465B4261E59D500E67D4D /* algo-tachycardia.pdf */,
			);
			path = PDFs;
			sourceTree = "<group>";
		};
/* End PBXGroup section */

/* Begin PBXNativeTarget section */
		D9346596261E549A00E67D4D /* ACLS (iOS) */ = {
			isa = PBXNativeTarget;
			buildConfigurationList = D93465AB261E549A00E67D4D /* Build configuration list for PBXNativeTarget "ACLS (iOS)" */;
			buildPhases = (
				D9346593261E549A00E67D4D /* Sources */,
				D9346594261E549A00E67D4D /* Frameworks */,
				D9346595261E549A00E67D4D /* Resources */,
			);
			buildRules = (
			);
			dependencies = (
			);
			name = "ACLS (iOS)";
			productName = "ACLS (iOS)";
			productReference = D9346597261E549A00E67D4D /* ACLS.app */;
			productType = "com.apple.product-type.application";
		};
/* End PBXNativeTarget section */

/* Begin PBXProject section */
		D934658B261E549800E67D4D /* Project object */ = {
			isa = PBXProject;
			attributes = {
				LastSwiftUpdateCheck = 1240;
				LastUpgradeCheck = 1240;
				TargetAttributes = {
					D9346596261E549A00E67D4D = {
						CreatedOnToolsVersion = 12.4;
					};
				};
			};
			buildConfigurationList = D934658E261E549800E67D4D /* Build configuration list for PBXProject "ACLS" */;
			compatibilityVersion = "Xcode 9.3";
			developmentRegion = en;
			hasScannedForEncodings = 0;
			knownRegions = (
				en,
				Base,
			);
			mainGroup = D934658A261E549800E67D4D;
			productRefGroup = D9346598261E549A00E67D4D /* Products */;
			projectDirPath = "";
			projectRoot = "";
			targets = (
				D9346596261E549A00E67D4D /* ACLS (iOS) */,
			);
		};
/* End PBXProject section */

/* Begin PBXResourcesBuildPhase section */
		D9346595261E549A00E67D4D /* Resources */ = {
			isa = PBXResourcesBuildPhase;
			buildActionMask = 2147483647;
			files = (
				D93465C0261E59D600E67D4D /* algo-acs.pdf in Resources */,
				D93465C2261E59D600E67D4D /* algo-stroke.pdf in Resources */,
				D93465C4261E59D600E67D4D /* algo-arrest.pdf in Resources */,
				D93465A7261E549A00E67D4D /* Assets.xcassets in Resources */,
				D93465BA261E59D600E67D4D /* algo-tachycardia.pdf in Resources */,
				D93465BE261E59D600E67D4D /* algo-postarrest.pdf in Resources */,
				D93465BC261E59D600E67D4D /* algo-bradycardia.pdf in Resources */,
			);
			runOnlyForDeploymentPostprocessing = 0;
		};
/* End PBXResourcesBuildPhase section */

/* Begin PBXSourcesBuildPhase section */
		D9346593261E549A00E67D4D /* Sources */ = {
			isa = PBXSourcesBuildPhase;
			buildActionMask = 2147483647;
			files = (
				D913E2DB261FA89E00D63A4B /* PrimaryView.swift in Sources */,
				D913E2D1261FA75600D63A4B /* PDFViewUI.swift in Sources */,
				D913E2CC261FA72F00D63A4B /* DetailView.swift in Sources */,
				D93465A3261E549A00E67D4D /* ACLSApp.swift in Sources */,
				D913E2D6261FA78300D63A4B /* Algorithm.swift in Sources */,
			);
			runOnlyForDeploymentPostprocessing = 0;
		};
/* End PBXSourcesBuildPhase section */

/* Begin XCBuildConfiguration section */
		D93465A9261E549A00E67D4D /* Debug */ = {
			isa = XCBuildConfiguration;
			buildSettings = {
				ALWAYS_SEARCH_USER_PATHS = NO;
				CLANG_ANALYZER_NONNULL = YES;
				CLANG_ANALYZER_NUMBER_OBJECT_CONVERSION = YES_AGGRESSIVE;
				CLANG_CXX_LANGUAGE_STANDARD = "gnu++14";
				CLANG_CXX_LIBRARY = "libc++";
				CLANG_ENABLE_MODULES = YES;
				CLANG_ENABLE_OBJC_ARC = YES;
				CLANG_ENABLE_OBJC_WEAK = YES;
				CLANG_WARN_BLOCK_CAPTURE_AUTORELEASING = YES;
				CLANG_WARN_BOOL_CONVERSION = YES;
				CLANG_WARN_COMMA = YES;
				CLANG_WARN_CONSTANT_CONVERSION = YES;
				CLANG_WARN_DEPRECATED_OBJC_IMPLEMENTATIONS = YES;
				CLANG_WARN_DIRECT_OBJC_ISA_USAGE = YES_ERROR;
				CLANG_WARN_DOCUMENTATION_COMMENTS = YES;
				CLANG_WARN_EMPTY_BODY = YES;
				CLANG_WARN_ENUM_CONVERSION = YES;
				CLANG_WARN_INFINITE_RECURSION = YES;
				CLANG_WARN_INT_CONVERSION = YES;
				CLANG_WARN_NON_LITERAL_NULL_CONVERSION = YES;
				CLANG_WARN_OBJC_IMPLICIT_RETAIN_SELF = YES;
				CLANG_WARN_OBJC_LITERAL_CONVERSION = YES;
				CLANG_WARN_OBJC_ROOT_CLASS = YES_ERROR;
				CLANG_WARN_QUOTED_INCLUDE_IN_FRAMEWORK_HEADER = YES;
				CLANG_WARN_RANGE_LOOP_ANALYSIS = YES;
				CLANG_WARN_STRICT_PROTOTYPES = YES;
				CLANG_WARN_SUSPICIOUS_MOVE = YES;
				CLANG_WARN_UNGUARDED_AVAILABILITY = YES_AGGRESSIVE;
				CLANG_WARN_UNREACHABLE_CODE = YES;
				CLANG_WARN__DUPLICATE_METHOD_MATCH = YES;
				COPY_PHASE_STRIP = NO;
				DEBUG_INFORMATION_FORMAT = dwarf;
				ENABLE_STRICT_OBJC_MSGSEND = YES;
				ENABLE_TESTABILITY = YES;
				GCC_C_LANGUAGE_STANDARD = gnu11;
				GCC_DYNAMIC_NO_PIC = NO;
				GCC_NO_COMMON_BLOCKS = YES;
				GCC_OPTIMIZATION_LEVEL = 0;
				GCC_PREPROCESSOR_DEFINITIONS = (
					"DEBUG=1",
					"$(inherited)",
				);
				GCC_WARN_64_TO_32_BIT_CONVERSION = YES;
				GCC_WARN_ABOUT_RETURN_TYPE = YES_ERROR;
				GCC_WARN_UNDECLARED_SELECTOR = YES;
				GCC_WARN_UNINITIALIZED_AUTOS = YES_AGGRESSIVE;
				GCC_WARN_UNUSED_FUNCTION = YES;
				GCC_WARN_UNUSED_VARIABLE = YES;
				MTL_ENABLE_DEBUG_INFO = INCLUDE_SOURCE;
				MTL_FAST_MATH = YES;
				ONLY_ACTIVE_ARCH = YES;
				SWIFT_ACTIVE_COMPILATION_CONDITIONS = DEBUG;
				SWIFT_OPTIMIZATION_LEVEL = "-Onone";
			};
			name = Debug;
		};
		D93465AA261E549A00E67D4D /* Release */ = {
			isa = XCBuildConfiguration;
			buildSettings = {
				ALWAYS_SEARCH_USER_PATHS = NO;
				CLANG_ANALYZER_NONNULL = YES;
				CLANG_ANALYZER_NUMBER_OBJECT_CONVERSION = YES_AGGRESSIVE;
				CLANG_CXX_LANGUAGE_STANDARD = "gnu++14";
				CLANG_CXX_LIBRARY = "libc++";
				CLANG_ENABLE_MODULES = YES;
				CLANG_ENABLE_OBJC_ARC = YES;
				CLANG_ENABLE_OBJC_WEAK = YES;
				CLANG_WARN_BLOCK_CAPTURE_AUTORELEASING = YES;
				CLANG_WARN_BOOL_CONVERSION = YES;
				CLANG_WARN_COMMA = YES;
				CLANG_WARN_CONSTANT_CONVERSION = YES;
				CLANG_WARN_DEPRECATED_OBJC_IMPLEMENTATIONS = YES;
				CLANG_WARN_DIRECT_OBJC_ISA_USAGE = YES_ERROR;
				CLANG_WARN_DOCUMENTATION_COMMENTS = YES;
				CLANG_WARN_EMPTY_BODY = YES;
				CLANG_WARN_ENUM_CONVERSION = YES;
				CLANG_WARN_INFINITE_RECURSION = YES;
				CLANG_WARN_INT_CONVERSION = YES;
				CLANG_WARN_NON_LITERAL_NULL_CONVERSION = YES;
				CLANG_WARN_OBJC_IMPLICIT_RETAIN_SELF = YES;
				CLANG_WARN_OBJC_LITERAL_CONVERSION = YES;
				CLANG_WARN_OBJC_ROOT_CLASS = YES_ERROR;
				CLANG_WARN_QUOTED_INCLUDE_IN_FRAMEWORK_HEADER = YES;
				CLANG_WARN_RANGE_LOOP_ANALYSIS = YES;
				CLANG_WARN_STRICT_PROTOTYPES = YES;
				CLANG_WARN_SUSPICIOUS_MOVE = YES;
				CLANG_WARN_UNGUARDED_AVAILABILITY = YES_AGGRESSIVE;
				CLANG_WARN_UNREACHABLE_CODE = YES;
				CLANG_WARN__DUPLICATE_METHOD_MATCH = YES;
				COPY_PHASE_STRIP = NO;
				DEBUG_INFORMATION_FORMAT = "dwarf-with-dsym";
				ENABLE_NS_ASSERTIONS = NO;
				ENABLE_STRICT_OBJC_MSGSEND = YES;
				GCC_C_LANGUAGE_STANDARD = gnu11;
				GCC_NO_COMMON_BLOCKS = YES;
				GCC_WARN_64_TO_32_BIT_CONVERSION = YES;
				GCC_WARN_ABOUT_RETURN_TYPE = YES_ERROR;
				GCC_WARN_UNDECLARED_SELECTOR = YES;
				GCC_WARN_UNINITIALIZED_AUTOS = YES_AGGRESSIVE;
				GCC_WARN_UNUSED_FUNCTION = YES;
				GCC_WARN_UNUSED_VARIABLE = YES;
				MTL_ENABLE_DEBUG_INFO = NO;
				MTL_FAST_MATH = YES;
				SWIFT_COMPILATION_MODE = wholemodule;
				SWIFT_OPTIMIZATION_LEVEL = "-O";
			};
			name = Release;
		};
		D93465AC261E549A00E67D4D /* Debug */ = {
			isa = XCBuildConfiguration;
			buildSettings = {
				ASSETCATALOG_COMPILER_APPICON_NAME = AppIcon;
				ASSETCATALOG_COMPILER_GLOBAL_ACCENT_COLOR_NAME = AccentColor;
				CODE_SIGN_ENTITLEMENTS = ACLS.entitlements;
				CODE_SIGN_STYLE = Automatic;
				DEVELOPMENT_TEAM = 8Q693ZG5RN;
				ENABLE_PREVIEWS = YES;
				INFOPLIST_FILE = iOS/Info.plist;
				IPHONEOS_DEPLOYMENT_TARGET = 15.4;
				"IPHONEOS_DEPLOYMENT_TARGET[sdk=macosx*]" = 15.4;
				LD_RUNPATH_SEARCH_PATHS = (
					"$(inherited)",
					"@executable_path/Frameworks",
				);
				MARKETING_VERSION = 2.0;
				PRODUCT_BUNDLE_IDENTIFIER = net.phor.ACLS;
				PRODUCT_NAME = ACLS;
				SDKROOT = iphoneos;
				SUPPORTS_MACCATALYST = YES;
				SUPPORTS_MAC_DESIGNED_FOR_IPHONE_IPAD = NO;
				SWIFT_VERSION = 5.0;
				TARGETED_DEVICE_FAMILY = "1,2,6";
			};
			name = Debug;
		};
		D93465AD261E549A00E67D4D /* Release */ = {
			isa = XCBuildConfiguration;
			buildSettings = {
				ASSETCATALOG_COMPILER_APPICON_NAME = AppIcon;
				ASSETCATALOG_COMPILER_GLOBAL_ACCENT_COLOR_NAME = AccentColor;
				CODE_SIGN_ENTITLEMENTS = ACLS.entitlements;
				CODE_SIGN_STYLE = Automatic;
				DEVELOPMENT_TEAM = 8Q693ZG5RN;
				ENABLE_PREVIEWS = YES;
				INFOPLIST_FILE = iOS/Info.plist;
				IPHONEOS_DEPLOYMENT_TARGET = 15.4;
				"IPHONEOS_DEPLOYMENT_TARGET[sdk=macosx*]" = 15.4;
				LD_RUNPATH_SEARCH_PATHS = (
					"$(inherited)",
					"@executable_path/Frameworks",
				);
				MARKETING_VERSION = 2.0;
				PRODUCT_BUNDLE_IDENTIFIER = net.phor.ACLS;
				PRODUCT_NAME = ACLS;
				SDKROOT = iphoneos;
				SUPPORTS_MACCATALYST = YES;
				SUPPORTS_MAC_DESIGNED_FOR_IPHONE_IPAD = NO;
				SWIFT_VERSION = 5.0;
				TARGETED_DEVICE_FAMILY = "1,2,6";
				VALIDATE_PRODUCT = YES;
			};
			name = Release;
		};
/* End XCBuildConfiguration section */

/* Begin XCConfigurationList section */
		D934658E261E549800E67D4D /* Build configuration list for PBXProject "ACLS" */ = {
			isa = XCConfigurationList;
			buildConfigurations = (
				D93465A9261E549A00E67D4D /* Debug */,
				D93465AA261E549A00E67D4D /* Release */,
			);
			defaultConfigurationIsVisible = 0;
			defaultConfigurationName = Release;
		};
		D93465AB261E549A00E67D4D /* Build configuration list for PBXNativeTarget "ACLS (iOS)" */ = {
			isa = XCConfigurationList;
			buildConfigurations = (
				D93465AC261E549A00E67D4D /* Debug */,
				D93465AD261E549A00E67D4D /* Release */,
			);
			defaultConfigurationIsVisible = 0;
			defaultConfigurationName = Release;
		};
/* End XCConfigurationList section */
	};
	rootObject = D934658B261E549800E67D4D /* Project object */;
}
