// !$*UTF8*$!
{
	archiveVersion = 1;
	classes = {
	};
	objectVersion = 46;
	objects = {

/* Begin PBXBuildFile section */
		D96087D61D2ED43700C71B4D /* AppDelegate.swift in Sources */ = {isa = PBXBuildFile; fileRef = D96087D51D2ED43700C71B4D /* AppDelegate.swift */; };
		D96087D81D2ED43700C71B4D /* MasterViewController.swift in Sources */ = {isa = PBXBuildFile; fileRef = D96087D71D2ED43700C71B4D /* MasterViewController.swift */; };
		D96087DA1D2ED43700C71B4D /* DetailViewController.swift in Sources */ = {isa = PBXBuildFile; fileRef = D96087D91D2ED43700C71B4D /* DetailViewController.swift */; };
		D96087DD1D2ED43800C71B4D /* Main.storyboard in Resources */ = {isa = PBXBuildFile; fileRef = D96087DB1D2ED43800C71B4D /* Main.storyboard */; };
		D96087DF1D2ED43800C71B4D /* Assets.xcassets in Resources */ = {isa = PBXBuildFile; fileRef = D96087DE1D2ED43800C71B4D /* Assets.xcassets */; };
		D96087E21D2ED43800C71B4D /* LaunchScreen.storyboard in Resources */ = {isa = PBXBuildFile; fileRef = D96087E01D2ED43800C71B4D /* LaunchScreen.storyboard */; };
		D96087ED1D2ED43800C71B4D /* ACLSTests.swift in Sources */ = {isa = PBXBuildFile; fileRef = D96087EC1D2ED43800C71B4D /* ACLSTests.swift */; };
		D96087F81D2ED43800C71B4D /* ACLSUITests.swift in Sources */ = {isa = PBXBuildFile; fileRef = D96087F71D2ED43800C71B4D /* ACLSUITests.swift */; };
		D960880C1D2ED4D700C71B4D /* algo-acs.pdf in Resources */ = {isa = PBXBuildFile; fileRef = D96088061D2ED4D700C71B4D /* algo-acs.pdf */; };
		D960880D1D2ED4D700C71B4D /* algo-arrest.pdf in Resources */ = {isa = PBXBuildFile; fileRef = D96088071D2ED4D700C71B4D /* algo-arrest.pdf */; };
		D960880E1D2ED4D700C71B4D /* algo-bradycardia.pdf in Resources */ = {isa = PBXBuildFile; fileRef = D96088081D2ED4D700C71B4D /* algo-bradycardia.pdf */; };
		D960880F1D2ED4D700C71B4D /* algo-postarrest.pdf in Resources */ = {isa = PBXBuildFile; fileRef = D96088091D2ED4D700C71B4D /* algo-postarrest.pdf */; };
		D96088101D2ED4D700C71B4D /* algo-stroke.pdf in Resources */ = {isa = PBXBuildFile; fileRef = D960880A1D2ED4D700C71B4D /* algo-stroke.pdf */; };
		D96088111D2ED4D700C71B4D /* algo-tachycardia.pdf in Resources */ = {isa = PBXBuildFile; fileRef = D960880B1D2ED4D700C71B4D /* algo-tachycardia.pdf */; };
		D96088131D2EE85B00C71B4D /* PMT logo square 1000px.png in Resources */ = {isa = PBXBuildFile; fileRef = D96088121D2EE85B00C71B4D /* PMT logo square 1000px.png */; };
		D96088151D2EEA9F00C71B4D /* QLPreviewControllerSimpleDataSource.swift in Sources */ = {isa = PBXBuildFile; fileRef = D96088141D2EEA9F00C71B4D /* QLPreviewControllerSimpleDataSource.swift */; };
/* End PBXBuildFile section */

/* Begin PBXContainerItemProxy section */
		D96087E91D2ED43800C71B4D /* PBXContainerItemProxy */ = {
			isa = PBXContainerItemProxy;
			containerPortal = D96087CA1D2ED43700C71B4D /* Project object */;
			proxyType = 1;
			remoteGlobalIDString = D96087D11D2ED43700C71B4D;
			remoteInfo = ACLS;
		};
		D96087F41D2ED43800C71B4D /* PBXContainerItemProxy */ = {
			isa = PBXContainerItemProxy;
			containerPortal = D96087CA1D2ED43700C71B4D /* Project object */;
			proxyType = 1;
			remoteGlobalIDString = D96087D11D2ED43700C71B4D;
			remoteInfo = ACLS;
		};
/* End PBXContainerItemProxy section */

/* Begin PBXFileReference section */
		D96087D21D2ED43700C71B4D /* ACLS.app */ = {isa = PBXFileReference; explicitFileType = wrapper.application; includeInIndex = 0; path = ACLS.app; sourceTree = BUILT_PRODUCTS_DIR; };
		D96087D51D2ED43700C71B4D /* AppDelegate.swift */ = {isa = PBXFileReference; lastKnownFileType = sourcecode.swift; path = AppDelegate.swift; sourceTree = "<group>"; };
		D96087D71D2ED43700C71B4D /* MasterViewController.swift */ = {isa = PBXFileReference; lastKnownFileType = sourcecode.swift; path = MasterViewController.swift; sourceTree = "<group>"; };
		D96087D91D2ED43700C71B4D /* DetailViewController.swift */ = {isa = PBXFileReference; lastKnownFileType = sourcecode.swift; path = DetailViewController.swift; sourceTree = "<group>"; };
		D96087DC1D2ED43800C71B4D /* Base */ = {isa = PBXFileReference; lastKnownFileType = file.storyboard; name = Base; path = Base.lproj/Main.storyboard; sourceTree = "<group>"; };
		D96087DE1D2ED43800C71B4D /* Assets.xcassets */ = {isa = PBXFileReference; lastKnownFileType = folder.assetcatalog; path = Assets.xcassets; sourceTree = "<group>"; };
		D96087E11D2ED43800C71B4D /* Base */ = {isa = PBXFileReference; lastKnownFileType = file.storyboard; name = Base; path = Base.lproj/LaunchScreen.storyboard; sourceTree = "<group>"; };
		D96087E31D2ED43800C71B4D /* Info.plist */ = {isa = PBXFileReference; lastKnownFileType = text.plist.xml; path = Info.plist; sourceTree = "<group>"; };
		D96087E81D2ED43800C71B4D /* ACLSTests.xctest */ = {isa = PBXFileReference; explicitFileType = wrapper.cfbundle; includeInIndex = 0; path = ACLSTests.xctest; sourceTree = BUILT_PRODUCTS_DIR; };
		D96087EC1D2ED43800C71B4D /* ACLSTests.swift */ = {isa = PBXFileReference; lastKnownFileType = sourcecode.swift; path = ACLSTests.swift; sourceTree = "<group>"; };
		D96087EE1D2ED43800C71B4D /* Info.plist */ = {isa = PBXFileReference; lastKnownFileType = text.plist.xml; path = Info.plist; sourceTree = "<group>"; };
		D96087F31D2ED43800C71B4D /* ACLSUITests.xctest */ = {isa = PBXFileReference; explicitFileType = wrapper.cfbundle; includeInIndex = 0; path = ACLSUITests.xctest; sourceTree = BUILT_PRODUCTS_DIR; };
		D96087F71D2ED43800C71B4D /* ACLSUITests.swift */ = {isa = PBXFileReference; lastKnownFileType = sourcecode.swift; path = ACLSUITests.swift; sourceTree = "<group>"; };
		D96087F91D2ED43800C71B4D /* Info.plist */ = {isa = PBXFileReference; lastKnownFileType = text.plist.xml; path = Info.plist; sourceTree = "<group>"; };
		D96088061D2ED4D700C71B4D /* algo-acs.pdf */ = {isa = PBXFileReference; lastKnownFileType = image.pdf; path = "algo-acs.pdf"; sourceTree = "<group>"; };
		D96088071D2ED4D700C71B4D /* algo-arrest.pdf */ = {isa = PBXFileReference; lastKnownFileType = image.pdf; path = "algo-arrest.pdf"; sourceTree = "<group>"; };
		D96088081D2ED4D700C71B4D /* algo-bradycardia.pdf */ = {isa = PBXFileReference; lastKnownFileType = image.pdf; path = "algo-bradycardia.pdf"; sourceTree = "<group>"; };
		D96088091D2ED4D700C71B4D /* algo-postarrest.pdf */ = {isa = PBXFileReference; lastKnownFileType = image.pdf; path = "algo-postarrest.pdf"; sourceTree = "<group>"; };
		D960880A1D2ED4D700C71B4D /* algo-stroke.pdf */ = {isa = PBXFileReference; lastKnownFileType = image.pdf; path = "algo-stroke.pdf"; sourceTree = "<group>"; };
		D960880B1D2ED4D700C71B4D /* algo-tachycardia.pdf */ = {isa = PBXFileReference; lastKnownFileType = image.pdf; path = "algo-tachycardia.pdf"; sourceTree = "<group>"; };
		D96088121D2EE85B00C71B4D /* PMT logo square 1000px.png */ = {isa = PBXFileReference; lastKnownFileType = image.png; path = "PMT logo square 1000px.png"; sourceTree = "<group>"; };
		D96088141D2EEA9F00C71B4D /* QLPreviewControllerSimpleDataSource.swift */ = {isa = PBXFileReference; fileEncoding = 4; lastKnownFileType = sourcecode.swift; path = QLPreviewControllerSimpleDataSource.swift; sourceTree = "<group>"; };
/* End PBXFileReference section */

/* Begin PBXFrameworksBuildPhase section */
		D96087CF1D2ED43700C71B4D /* Frameworks */ = {
			isa = PBXFrameworksBuildPhase;
			buildActionMask = 2147483647;
			files = (
			);
			runOnlyForDeploymentPostprocessing = 0;
		};
		D96087E51D2ED43800C71B4D /* Frameworks */ = {
			isa = PBXFrameworksBuildPhase;
			buildActionMask = 2147483647;
			files = (
			);
			runOnlyForDeploymentPostprocessing = 0;
		};
		D96087F01D2ED43800C71B4D /* Frameworks */ = {
			isa = PBXFrameworksBuildPhase;
			buildActionMask = 2147483647;
			files = (
			);
			runOnlyForDeploymentPostprocessing = 0;
		};
/* End PBXFrameworksBuildPhase section */

/* Begin PBXGroup section */
		D96087C91D2ED43700C71B4D = {
			isa = PBXGroup;
			children = (
				D96087D41D2ED43700C71B4D /* ACLS */,
				D96087EB1D2ED43800C71B4D /* ACLSTests */,
				D96087F61D2ED43800C71B4D /* ACLSUITests */,
				D96087D31D2ED43700C71B4D /* Products */,
			);
			sourceTree = "<group>";
		};
		D96087D31D2ED43700C71B4D /* Products */ = {
			isa = PBXGroup;
			children = (
				D96087D21D2ED43700C71B4D /* ACLS.app */,
				D96087E81D2ED43800C71B4D /* ACLSTests.xctest */,
				D96087F31D2ED43800C71B4D /* ACLSUITests.xctest */,
			);
			name = Products;
			sourceTree = "<group>";
		};
		D96087D41D2ED43700C71B4D /* ACLS */ = {
			isa = PBXGroup;
			children = (
				D96088121D2EE85B00C71B4D /* PMT logo square 1000px.png */,
				D96088051D2ED4CB00C71B4D /* PDFS */,
				D96087D51D2ED43700C71B4D /* AppDelegate.swift */,
				D96087D71D2ED43700C71B4D /* MasterViewController.swift */,
				D96088141D2EEA9F00C71B4D /* QLPreviewControllerSimpleDataSource.swift */,
				D96087D91D2ED43700C71B4D /* DetailViewController.swift */,
				D96087DB1D2ED43800C71B4D /* Main.storyboard */,
				D96087DE1D2ED43800C71B4D /* Assets.xcassets */,
				D96087E01D2ED43800C71B4D /* LaunchScreen.storyboard */,
				D96087E31D2ED43800C71B4D /* Info.plist */,
			);
			path = ACLS;
			sourceTree = "<group>";
		};
		D96087EB1D2ED43800C71B4D /* ACLSTests */ = {
			isa = PBXGroup;
			children = (
				D96087EC1D2ED43800C71B4D /* ACLSTests.swift */,
				D96087EE1D2ED43800C71B4D /* Info.plist */,
			);
			path = ACLSTests;
			sourceTree = "<group>";
		};
		D96087F61D2ED43800C71B4D /* ACLSUITests */ = {
			isa = PBXGroup;
			children = (
				D96087F71D2ED43800C71B4D /* ACLSUITests.swift */,
				D96087F91D2ED43800C71B4D /* Info.plist */,
			);
			path = ACLSUITests;
			sourceTree = "<group>";
		};
		D96088051D2ED4CB00C71B4D /* PDFS */ = {
			isa = PBXGroup;
			children = (
				D96088061D2ED4D700C71B4D /* algo-acs.pdf */,
				D96088071D2ED4D700C71B4D /* algo-arrest.pdf */,
				D96088081D2ED4D700C71B4D /* algo-bradycardia.pdf */,
				D96088091D2ED4D700C71B4D /* algo-postarrest.pdf */,
				D960880A1D2ED4D700C71B4D /* algo-stroke.pdf */,
				D960880B1D2ED4D700C71B4D /* algo-tachycardia.pdf */,
			);
			name = PDFS;
			sourceTree = "<group>";
		};
/* End PBXGroup section */

/* Begin PBXNativeTarget section */
		D96087D11D2ED43700C71B4D /* ACLS */ = {
			isa = PBXNativeTarget;
			buildConfigurationList = D96087FC1D2ED43800C71B4D /* Build configuration list for PBXNativeTarget "ACLS" */;
			buildPhases = (
				D96087CE1D2ED43700C71B4D /* Sources */,
				D96087CF1D2ED43700C71B4D /* Frameworks */,
				D96087D01D2ED43700C71B4D /* Resources */,
			);
			buildRules = (
			);
			dependencies = (
			);
			name = ACLS;
			productName = ACLS;
			productReference = D96087D21D2ED43700C71B4D /* ACLS.app */;
			productType = "com.apple.product-type.application";
		};
		D96087E71D2ED43800C71B4D /* ACLSTests */ = {
			isa = PBXNativeTarget;
			buildConfigurationList = D96087FF1D2ED43800C71B4D /* Build configuration list for PBXNativeTarget "ACLSTests" */;
			buildPhases = (
				D96087E41D2ED43800C71B4D /* Sources */,
				D96087E51D2ED43800C71B4D /* Frameworks */,
				D96087E61D2ED43800C71B4D /* Resources */,
			);
			buildRules = (
			);
			dependencies = (
				D96087EA1D2ED43800C71B4D /* PBXTargetDependency */,
			);
			name = ACLSTests;
			productName = ACLSTests;
			productReference = D96087E81D2ED43800C71B4D /* ACLSTests.xctest */;
			productType = "com.apple.product-type.bundle.unit-test";
		};
		D96087F21D2ED43800C71B4D /* ACLSUITests */ = {
			isa = PBXNativeTarget;
			buildConfigurationList = D96088021D2ED43800C71B4D /* Build configuration list for PBXNativeTarget "ACLSUITests" */;
			buildPhases = (
				D96087EF1D2ED43800C71B4D /* Sources */,
				D96087F01D2ED43800C71B4D /* Frameworks */,
				D96087F11D2ED43800C71B4D /* Resources */,
			);
			buildRules = (
			);
			dependencies = (
				D96087F51D2ED43800C71B4D /* PBXTargetDependency */,
			);
			name = ACLSUITests;
			productName = ACLSUITests;
			productReference = D96087F31D2ED43800C71B4D /* ACLSUITests.xctest */;
			productType = "com.apple.product-type.bundle.ui-testing";
		};
/* End PBXNativeTarget section */

/* Begin PBXProject section */
		D96087CA1D2ED43700C71B4D /* Project object */ = {
			isa = PBXProject;
			attributes = {
				LastSwiftUpdateCheck = 0730;
				LastUpgradeCheck = 0730;
				ORGANIZATIONNAME = "William Entriken";
				TargetAttributes = {
					D96087D11D2ED43700C71B4D = {
						CreatedOnToolsVersion = 7.3.1;
					};
					D96087E71D2ED43800C71B4D = {
						CreatedOnToolsVersion = 7.3.1;
						TestTargetID = D96087D11D2ED43700C71B4D;
					};
					D96087F21D2ED43800C71B4D = {
						CreatedOnToolsVersion = 7.3.1;
						TestTargetID = D96087D11D2ED43700C71B4D;
					};
				};
			};
			buildConfigurationList = D96087CD1D2ED43700C71B4D /* Build configuration list for PBXProject "ACLS" */;
			compatibilityVersion = "Xcode 3.2";
			developmentRegion = English;
			hasScannedForEncodings = 0;
			knownRegions = (
				en,
				Base,
			);
			mainGroup = D96087C91D2ED43700C71B4D;
			productRefGroup = D96087D31D2ED43700C71B4D /* Products */;
			projectDirPath = "";
			projectRoot = "";
			targets = (
				D96087D11D2ED43700C71B4D /* ACLS */,
				D96087E71D2ED43800C71B4D /* ACLSTests */,
				D96087F21D2ED43800C71B4D /* ACLSUITests */,
			);
		};
/* End PBXProject section */

/* Begin PBXResourcesBuildPhase section */
		D96087D01D2ED43700C71B4D /* Resources */ = {
			isa = PBXResourcesBuildPhase;
			buildActionMask = 2147483647;
			files = (
				D96087E21D2ED43800C71B4D /* LaunchScreen.storyboard in Resources */,
				D960880F1D2ED4D700C71B4D /* algo-postarrest.pdf in Resources */,
				D96087DF1D2ED43800C71B4D /* Assets.xcassets in Resources */,
				D960880E1D2ED4D700C71B4D /* algo-bradycardia.pdf in Resources */,
				D960880D1D2ED4D700C71B4D /* algo-arrest.pdf in Resources */,
				D96088111D2ED4D700C71B4D /* algo-tachycardia.pdf in Resources */,
				D96087DD1D2ED43800C71B4D /* Main.storyboard in Resources */,
				D960880C1D2ED4D700C71B4D /* algo-acs.pdf in Resources */,
				D96088101D2ED4D700C71B4D /* algo-stroke.pdf in Resources */,
				D96088131D2EE85B00C71B4D /* PMT logo square 1000px.png in Resources */,
			);
			runOnlyForDeploymentPostprocessing = 0;
		};
		D96087E61D2ED43800C71B4D /* Resources */ = {
			isa = PBXResourcesBuildPhase;
			buildActionMask = 2147483647;
			files = (
			);
			runOnlyForDeploymentPostprocessing = 0;
		};
		D96087F11D2ED43800C71B4D /* Resources */ = {
			isa = PBXResourcesBuildPhase;
			buildActionMask = 2147483647;
			files = (
			);
			runOnlyForDeploymentPostprocessing = 0;
		};
/* End PBXResourcesBuildPhase section */

/* Begin PBXSourcesBuildPhase section */
		D96087CE1D2ED43700C71B4D /* Sources */ = {
			isa = PBXSourcesBuildPhase;
			buildActionMask = 2147483647;
			files = (
				D96088151D2EEA9F00C71B4D /* QLPreviewControllerSimpleDataSource.swift in Sources */,
				D96087DA1D2ED43700C71B4D /* DetailViewController.swift in Sources */,
				D96087D81D2ED43700C71B4D /* MasterViewController.swift in Sources */,
				D96087D61D2ED43700C71B4D /* AppDelegate.swift in Sources */,
			);
			runOnlyForDeploymentPostprocessing = 0;
		};
		D96087E41D2ED43800C71B4D /* Sources */ = {
			isa = PBXSourcesBuildPhase;
			buildActionMask = 2147483647;
			files = (
				D96087ED1D2ED43800C71B4D /* ACLSTests.swift in Sources */,
			);
			runOnlyForDeploymentPostprocessing = 0;
		};
		D96087EF1D2ED43800C71B4D /* Sources */ = {
			isa = PBXSourcesBuildPhase;
			buildActionMask = 2147483647;
			files = (
				D96087F81D2ED43800C71B4D /* ACLSUITests.swift in Sources */,
			);
			runOnlyForDeploymentPostprocessing = 0;
		};
/* End PBXSourcesBuildPhase section */

/* Begin PBXTargetDependency section */
		D96087EA1D2ED43800C71B4D /* PBXTargetDependency */ = {
			isa = PBXTargetDependency;
			target = D96087D11D2ED43700C71B4D /* ACLS */;
			targetProxy = D96087E91D2ED43800C71B4D /* PBXContainerItemProxy */;
		};
		D96087F51D2ED43800C71B4D /* PBXTargetDependency */ = {
			isa = PBXTargetDependency;
			target = D96087D11D2ED43700C71B4D /* ACLS */;
			targetProxy = D96087F41D2ED43800C71B4D /* PBXContainerItemProxy */;
		};
/* End PBXTargetDependency section */

/* Begin PBXVariantGroup section */
		D96087DB1D2ED43800C71B4D /* Main.storyboard */ = {
			isa = PBXVariantGroup;
			children = (
				D96087DC1D2ED43800C71B4D /* Base */,
			);
			name = Main.storyboard;
			sourceTree = "<group>";
		};
		D96087E01D2ED43800C71B4D /* LaunchScreen.storyboard */ = {
			isa = PBXVariantGroup;
			children = (
				D96087E11D2ED43800C71B4D /* Base */,
			);
			name = LaunchScreen.storyboard;
			sourceTree = "<group>";
		};
/* End PBXVariantGroup section */

/* Begin XCBuildConfiguration section */
		D96087FA1D2ED43800C71B4D /* Debug */ = {
			isa = XCBuildConfiguration;
			buildSettings = {
				ALWAYS_SEARCH_USER_PATHS = NO;
				CLANG_ANALYZER_NONNULL = YES;
				CLANG_CXX_LANGUAGE_STANDARD = "gnu++0x";
				CLANG_CXX_LIBRARY = "libc++";
				CLANG_ENABLE_MODULES = YES;
				CLANG_ENABLE_OBJC_ARC = YES;
				CLANG_WARN_BOOL_CONVERSION = YES;
				CLANG_WARN_CONSTANT_CONVERSION = YES;
				CLANG_WARN_DIRECT_OBJC_ISA_USAGE = YES_ERROR;
				CLANG_WARN_EMPTY_BODY = YES;
				CLANG_WARN_ENUM_CONVERSION = YES;
				CLANG_WARN_INT_CONVERSION = YES;
				CLANG_WARN_OBJC_ROOT_CLASS = YES_ERROR;
				CLANG_WARN_UNREACHABLE_CODE = YES;
				CLANG_WARN__DUPLICATE_METHOD_MATCH = YES;
				"CODE_SIGN_IDENTITY[sdk=iphoneos*]" = "iPhone Developer";
				COPY_PHASE_STRIP = NO;
				DEBUG_INFORMATION_FORMAT = dwarf;
				ENABLE_STRICT_OBJC_MSGSEND = YES;
				ENABLE_TESTABILITY = YES;
				GCC_C_LANGUAGE_STANDARD = gnu99;
				GCC_DYNAMIC_NO_PIC = NO;
				GCC_NO_COMMON_BLOCKS = YES;
				GCC_OPTIMIZATION_LEVEL = 0;
				GCC_PREPROCESSOR_DEFINITIONS = (
					"DEBUG=1",
					"$(inherited)",
				);
				GCC_WARN_64_TO_32_BIT_CONVERSION = YES;
				GCC_WARN_ABOUT_RETURN_TYPE = YES_ERROR;
				GCC_WARN_UNDECLARED_SELECTOR = YES;
				GCC_WARN_UNINITIALIZED_AUTOS = YES_AGGRESSIVE;
				GCC_WARN_UNUSED_FUNCTION = YES;
				GCC_WARN_UNUSED_VARIABLE = YES;
				IPHONEOS_DEPLOYMENT_TARGET = 9.3;
				MTL_ENABLE_DEBUG_INFO = YES;
				ONLY_ACTIVE_ARCH = YES;
				SDKROOT = iphoneos;
				SWIFT_OPTIMIZATION_LEVEL = "-Onone";
				TARGETED_DEVICE_FAMILY = "1,2";
			};
			name = Debug;
		};
		D96087FB1D2ED43800C71B4D /* Release */ = {
			isa = XCBuildConfiguration;
			buildSettings = {
				ALWAYS_SEARCH_USER_PATHS = NO;
				CLANG_ANALYZER_NONNULL = YES;
				CLANG_CXX_LANGUAGE_STANDARD = "gnu++0x";
				CLANG_CXX_LIBRARY = "libc++";
				CLANG_ENABLE_MODULES = YES;
				CLANG_ENABLE_OBJC_ARC = YES;
				CLANG_WARN_BOOL_CONVERSION = YES;
				CLANG_WARN_CONSTANT_CONVERSION = YES;
				CLANG_WARN_DIRECT_OBJC_ISA_USAGE = YES_ERROR;
				CLANG_WARN_EMPTY_BODY = YES;
				CLANG_WARN_ENUM_CONVERSION = YES;
				CLANG_WARN_INT_CONVERSION = YES;
				CLANG_WARN_OBJC_ROOT_CLASS = YES_ERROR;
				CLANG_WARN_UNREACHABLE_CODE = YES;
				CLANG_WARN__DUPLICATE_METHOD_MATCH = YES;
				"CODE_SIGN_IDENTITY[sdk=iphoneos*]" = "iPhone Developer";
				COPY_PHASE_STRIP = NO;
				DEBUG_INFORMATION_FORMAT = "dwarf-with-dsym";
				ENABLE_NS_ASSERTIONS = NO;
				ENABLE_STRICT_OBJC_MSGSEND = YES;
				GCC_C_LANGUAGE_STANDARD = gnu99;
				GCC_NO_COMMON_BLOCKS = YES;
				GCC_WARN_64_TO_32_BIT_CONVERSION = YES;
				GCC_WARN_ABOUT_RETURN_TYPE = YES_ERROR;
				GCC_WARN_UNDECLARED_SELECTOR = YES;
				GCC_WARN_UNINITIALIZED_AUTOS = YES_AGGRESSIVE;
				GCC_WARN_UNUSED_FUNCTION = YES;
				GCC_WARN_UNUSED_VARIABLE = YES;
				IPHONEOS_DEPLOYMENT_TARGET = 9.3;
				MTL_ENABLE_DEBUG_INFO = NO;
				SDKROOT = iphoneos;
				TARGETED_DEVICE_FAMILY = "1,2";
				VALIDATE_PRODUCT = YES;
			};
			name = Release;
		};
		D96087FD1D2ED43800C71B4D /* Debug */ = {
			isa = XCBuildConfiguration;
			buildSettings = {
				ASSETCATALOG_COMPILER_APPICON_NAME = AppIcon;
				INFOPLIST_FILE = ACLS/Info.plist;
				LD_RUNPATH_SEARCH_PATHS = "$(inherited) @executable_path/Frameworks";
				PRODUCT_BUNDLE_IDENTIFIER = net.phor.ACLS;
				PRODUCT_NAME = "$(TARGET_NAME)";
			};
			name = Debug;
		};
		D96087FE1D2ED43800C71B4D /* Release */ = {
			isa = XCBuildConfiguration;
			buildSettings = {
				ASSETCATALOG_COMPILER_APPICON_NAME = AppIcon;
				INFOPLIST_FILE = ACLS/Info.plist;
				LD_RUNPATH_SEARCH_PATHS = "$(inherited) @executable_path/Frameworks";
				PRODUCT_BUNDLE_IDENTIFIER = net.phor.ACLS;
				PRODUCT_NAME = "$(TARGET_NAME)";
			};
			name = Release;
		};
		D96088001D2ED43800C71B4D /* Debug */ = {
			isa = XCBuildConfiguration;
			buildSettings = {
				BUNDLE_LOADER = "$(TEST_HOST)";
				INFOPLIST_FILE = ACLSTests/Info.plist;
				LD_RUNPATH_SEARCH_PATHS = "$(inherited) @executable_path/Frameworks @loader_path/Frameworks";
				PRODUCT_BUNDLE_IDENTIFIER = net.phor.ACLSTests;
				PRODUCT_NAME = "$(TARGET_NAME)";
				TEST_HOST = "$(BUILT_PRODUCTS_DIR)/ACLS.app/ACLS";
			};
			name = Debug;
		};
		D96088011D2ED43800C71B4D /* Release */ = {
			isa = XCBuildConfiguration;
			buildSettings = {
				BUNDLE_LOADER = "$(TEST_HOST)";
				INFOPLIST_FILE = ACLSTests/Info.plist;
				LD_RUNPATH_SEARCH_PATHS = "$(inherited) @executable_path/Frameworks @loader_path/Frameworks";
				PRODUCT_BUNDLE_IDENTIFIER = net.phor.ACLSTests;
				PRODUCT_NAME = "$(TARGET_NAME)";
				TEST_HOST = "$(BUILT_PRODUCTS_DIR)/ACLS.app/ACLS";
			};
			name = Release;
		};
		D96088031D2ED43800C71B4D /* Debug */ = {
			isa = XCBuildConfiguration;
			buildSettings = {
				INFOPLIST_FILE = ACLSUITests/Info.plist;
				LD_RUNPATH_SEARCH_PATHS = "$(inherited) @executable_path/Frameworks @loader_path/Frameworks";
				PRODUCT_BUNDLE_IDENTIFIER = net.phor.ACLSUITests;
				PRODUCT_NAME = "$(TARGET_NAME)";
				TEST_TARGET_NAME = ACLS;
			};
			name = Debug;
		};
		D96088041D2ED43800C71B4D /* Release */ = {
			isa = XCBuildConfiguration;
			buildSettings = {
				INFOPLIST_FILE = ACLSUITests/Info.plist;
				LD_RUNPATH_SEARCH_PATHS = "$(inherited) @executable_path/Frameworks @loader_path/Frameworks";
				PRODUCT_BUNDLE_IDENTIFIER = net.phor.ACLSUITests;
				PRODUCT_NAME = "$(TARGET_NAME)";
				TEST_TARGET_NAME = ACLS;
			};
			name = Release;
		};
/* End XCBuildConfiguration section */

/* Begin XCConfigurationList section */
		D96087CD1D2ED43700C71B4D /* Build configuration list for PBXProject "ACLS" */ = {
			isa = XCConfigurationList;
			buildConfigurations = (
				D96087FA1D2ED43800C71B4D /* Debug */,
				D96087FB1D2ED43800C71B4D /* Release */,
			);
			defaultConfigurationIsVisible = 0;
			defaultConfigurationName = Release;
		};
		D96087FC1D2ED43800C71B4D /* Build configuration list for PBXNativeTarget "ACLS" */ = {
			isa = XCConfigurationList;
			buildConfigurations = (
				D96087FD1D2ED43800C71B4D /* Debug */,
				D96087FE1D2ED43800C71B4D /* Release */,
			);
			defaultConfigurationIsVisible = 0;
		};
		D96087FF1D2ED43800C71B4D /* Build configuration list for PBXNativeTarget "ACLSTests" */ = {
			isa = XCConfigurationList;
			buildConfigurations = (
				D96088001D2ED43800C71B4D /* Debug */,
				D96088011D2ED43800C71B4D /* Release */,
			);
			defaultConfigurationIsVisible = 0;
		};
		D96088021D2ED43800C71B4D /* Build configuration list for PBXNativeTarget "ACLSUITests" */ = {
			isa = XCConfigurationList;
			buildConfigurations = (
				D96088031D2ED43800C71B4D /* Debug */,
				D96088041D2ED43800C71B4D /* Release */,
			);
			defaultConfigurationIsVisible = 0;
		};
/* End XCConfigurationList section */
	};
	rootObject = D96087CA1D2ED43700C71B4D /* Project object */;
}
